
Microsoft Visual Studio Solution File, Format Version 12.00
# Visual Studio Version 17
VisualStudioVersion = 17.3.32901.215
MinimumVisualStudioVersion = 10.0.40219.1
Project("{FAE04EC0-301F-11D3-BF4B-00C04F79EFBC}") = "Server", "Server\Server.csproj", "{4901AF69-9250-421F-B1A4-F98722229C22}"
EndProject
Project("{FAE04EC0-301F-11D3-BF4B-00C04F79EFBC}") = "Client", "Client\Client.csproj", "{6EEB35D8-9577-42CD-84D6-19A452077BDA}"
EndProject
Global
	GlobalSection(SolutionConfigurationPlatforms) = preSolution
		Debug|Any CPU = Debug|Any CPU
		Release|Any CPU = Release|Any CPU
	EndGlobalSection
	GlobalSection(ProjectConfigurationPlatforms) = postSolution
		{4901AF69-9250-421F-B1A4-F98722229C22}.Debug|Any CPU.ActiveCfg = Debug|Any CPU
		{4901AF69-9250-421F-B1A4-F98722229C22}.Debug|Any CPU.Build.0 = Debug|Any CPU
		{4901AF69-9250-421F-B1A4-F98722229C22}.Release|Any CPU.ActiveCfg = Release|Any CPU
		{4901AF69-9250-421F-B1A4-F98722229C22}.Release|Any CPU.Build.0 = Release|Any CPU
		{6EEB35D8-9577-42CD-84D6-19A452077BDA}.Debug|Any CPU.ActiveCfg = Debug|Any CPU
		{6EEB35D8-9577-42CD-84D6-19A452077BDA}.Debug|Any CPU.Build.0 = Debug|Any CPU
		{6EEB35D8-9577-42CD-84D6-19A452077BDA}.Release|Any CPU.ActiveCfg = Release|Any CPU
		{6EEB35D8-9577-42CD-84D6-19A452077BDA}.Release|Any CPU.Build.0 = Release|Any CPU
	EndGlobalSection
	GlobalSection(SolutionProperties) = preSolution
		HideSolutionNode = FALSE
	EndGlobalSection
	GlobalSection(ExtensibilityGlobals) = postSolution
		SolutionGuid = {E099645E-D2D2-4F3C-9FA5-E723726B105A}
	EndGlobalSection
EndGlobal
